
Microsoft Visual Studio Solution File, Format Version 12.00
# Visual Studio 2015
Project("{FAE04EC0-301F-11D3-BF4B-00C04F79EFBC}") = "TanksMultiplayer.CSharp.Plugins", "TanksMultiplayer.CSharp.Plugins.csproj", "{2AE767A4-17E7-9416-1706-A793FA71F88E}"
EndProject
Project("{FAE04EC0-301F-11D3-BF4B-00C04F79EFBC}") = "TanksMultiplayer.CSharp", "TanksMultiplayer.CSharp.csproj", "{31030095-45C2-087A-617E-781178ED70B1}"
EndProject
Project("{FAE04EC0-301F-11D3-BF4B-00C04F79EFBC}") = "TanksMultiplayer.CSharp.Editor", "TanksMultiplayer.CSharp.Editor.csproj", "{C8104C9D-BCAA-42F8-B607-1B9A9607FA56}"
EndProject
Global
	GlobalSection(SolutionConfigurationPlatforms) = preSolution
		Debug|Any CPU = Debug|Any CPU
		Release|Any CPU = Release|Any CPU
	EndGlobalSection
	GlobalSection(ProjectConfigurationPlatforms) = postSolution
		{2AE767A4-17E7-9416-1706-A793FA71F88E}.Debug|Any CPU.ActiveCfg = Debug|Any CPU
		{2AE767A4-17E7-9416-1706-A793FA71F88E}.Debug|Any CPU.Build.0 = Debug|Any CPU
		{2AE767A4-17E7-9416-1706-A793FA71F88E}.Release|Any CPU.ActiveCfg = Release|Any CPU
		{2AE767A4-17E7-9416-1706-A793FA71F88E}.Release|Any CPU.Build.0 = Release|Any CPU
		{31030095-45C2-087A-617E-781178ED70B1}.Debug|Any CPU.ActiveCfg = Debug|Any CPU
		{31030095-45C2-087A-617E-781178ED70B1}.Debug|Any CPU.Build.0 = Debug|Any CPU
		{31030095-45C2-087A-617E-781178ED70B1}.Release|Any CPU.ActiveCfg = Release|Any CPU
		{31030095-45C2-087A-617E-781178ED70B1}.Release|Any CPU.Build.0 = Release|Any CPU
		{C8104C9D-BCAA-42F8-B607-1B9A9607FA56}.Debug|Any CPU.ActiveCfg = Debug|Any CPU
		{C8104C9D-BCAA-42F8-B607-1B9A9607FA56}.Debug|Any CPU.Build.0 = Debug|Any CPU
		{C8104C9D-BCAA-42F8-B607-1B9A9607FA56}.Release|Any CPU.ActiveCfg = Release|Any CPU
		{C8104C9D-BCAA-42F8-B607-1B9A9607FA56}.Release|Any CPU.Build.0 = Release|Any CPU
	EndGlobalSection
	GlobalSection(SolutionProperties) = preSolution
		HideSolutionNode = FALSE
	EndGlobalSection
EndGlobal
